{
  "name": "08-functional-libraries",
  "version": "1.0.0",
  "lockfileVersion": 3,
  "requires": true,
  "packages": {
    "": {
      "name": "08-functional-libraries",
      "version": "1.0.0",
      "license": "ISC",
      "dependencies": {
        "immutable": "^4.3.7",
        "ramda": "^0.30.1",
        "typescript": "^5.6.3"
      },
      "devDependencies": {
        "@types/immutable": "^3.8.7",
        "@types/ramda": "^0.30.2"
      }
    },
    "node_modules/@types/immutable": {
      "version": "3.8.7",
      "resolved": "https://registry.npmjs.org/@types/immutable/-/immutable-3.8.7.tgz",
      "integrity": "sha512-nsHFDX48Tl3RaP4BF47HHe5njx40Pcp+0a8CIqzJata80Fp7JzkcuGB7UhZBGjH9aA1fMEahIqvPQQNmro5YLg==",
      "deprecated": "This is a stub types definition for Facebook's Immutable (https://github.com/facebook/immutable-js). Facebook's Immutable provides its own type definitions, so you don't need @types/immutable installed!",
      "dev": true,
      "license": "MIT",
      "dependencies": {
        "immutable": "*"
      }
    },
    "node_modules/@types/ramda": {
      "version": "0.30.2",
      "resolved": "https://registry.npmjs.org/@types/ramda/-/ramda-0.30.2.tgz",
      "integrity": "sha512-PyzHvjCalm2BRYjAU6nIB3TprYwMNOUY/7P/N8bSzp9W/yM2YrtGtAnnVtaCNSeOZ8DzKyFDvaqQs7LnWwwmBA==",
      "dev": true,
      "license": "MIT",
      "dependencies": {
        "types-ramda": "^0.30.1"
      }
    },
    "node_modules/immutable": {
      "version": "4.3.7",
      "resolved": "https://registry.npmjs.org/immutable/-/immutable-4.3.7.tgz",
      "integrity": "sha512-1hqclzwYwjRDFLjcFxOM5AYkkG0rpFPpr1RLPMEuGczoS7YA8gLhy8SWXYRAA/XwfEHpfo3cw5JGioS32fnMRw==",
      "license": "MIT"
    },
    "node_modules/ramda": {
      "version": "0.30.1",
      "resolved": "https://registry.npmjs.org/ramda/-/ramda-0.30.1.tgz",
      "integrity": "sha512-tEF5I22zJnuclswcZMc8bDIrwRHRzf+NqVEmqg50ShAZMP7MWeR/RGDthfM/p+BlqvF2fXAzpn8i+SJcYD3alw==",
      "license": "MIT",
      "funding": {
        "type": "opencollective",
        "url": "https://opencollective.com/ramda"
      }
    },
    "node_modules/ts-toolbelt": {
      "version": "9.6.0",
      "resolved": "https://registry.npmjs.org/ts-toolbelt/-/ts-toolbelt-9.6.0.tgz",
      "integrity": "sha512-nsZd8ZeNUzukXPlJmTBwUAuABDe/9qtVDelJeT/qW0ow3ZS3BsQJtNkan1802aM9Uf68/Y8ljw86Hu0h5IUW3w==",
      "dev": true,
      "license": "Apache-2.0"
    },
    "node_modules/types-ramda": {
      "version": "0.30.1",
      "resolved": "https://registry.npmjs.org/types-ramda/-/types-ramda-0.30.1.tgz",
      "integrity": "sha512-1HTsf5/QVRmLzcGfldPFvkVsAdi1db1BBKzi7iW3KBUlOICg/nKnFS+jGqDJS3YD8VsWbAh7JiHeBvbsw8RPxA==",
      "dev": true,
      "license": "MIT",
      "dependencies": {
        "ts-toolbelt": "^9.6.0"
      }
    },
    "node_modules/typescript": {
      "version": "5.6.3",
      "resolved": "https://registry.npmjs.org/typescript/-/typescript-5.6.3.tgz",
      "integrity": "sha512-hjcS1mhfuyi4WW8IWtjP7brDrG2cuDZukyrYrSauoXGNgx0S7zceP07adYkJycEr56BOUTNPzbInooiN3fn1qw==",
      "license": "Apache-2.0",
      "bin": {
        "tsc": "bin/tsc",
        "tsserver": "bin/tsserver"
      },
      "engines": {
        "node": ">=14.17"
      }
    }
  }
}
